github.com/alexbrainman/printer v0.0.0-20200912035444-f40f26f0bdeb h1:OzF7h5OJLiB2QvpxfFdUFdSedYYsEKAXnE8BwsWQPmY=
github.com/alexbrainman/printer v0.0.0-20200912035444-f40f26f0bdeb/go.mod h1:aeB9oSJ1VNJXxBkCz6Krw3aW8lPx6rkWnW/hXcoujR4=
github.com/hennedo/escpos v0.0.1 h1:kFjiu5OKSdjMvcKsZyjn06HXG6NK+J86PTsTGKq8HkM=
github.com/hennedo/escpos v0.0.1/go.mod h1:W6HIhrS6mSFGSsxpfqIKXnZsujl0x/2lM5xDIAKGkow=
github.com/qiniu/iconv v1.2.0 h1:2LJKwoF+4LJ3lNM+7cE3P1kNQzAI/HMZuWhkmFoY2U8=
github.com/qiniu/iconv v1.2.0/go.mod h1:5bxb2h9lptZt2eHLgY+Jw4X06TMtKb6tvvok0DwSwGA=
golang.org/x/sys v0.0.0-20200909081042-eff7692f9009 h1:W0lCpv29Hv0UaM1LXb9QlBHLNP8UFfcKjblhVCWftOM=
golang.org/x/sys v0.0.0-20200909081042-eff7692f9009/go.mod h1:h1NjWce9XRLGQEsW7wpKNCjG9DtNlClVuFLEZdDNbEs=
